// !$*UTF8*$!
{
	archiveVersion = 1;
	classes = {
	};
	objectVersion = 48;
	objects = {

/* Begin PBXBuildFile section */
		3D96CCE87AA6048C80B60295 /* Pods_Muse.framework in Frameworks */ = {isa = PBXBuildFile; fileRef = 43424BEC62DA20CE861DEF57 /* Pods_Muse.framework */; };
		DB20FD88204F47A600671256 /* ArticleCell.swift in Sources */ = {isa = PBXBuildFile; fileRef = DB20FD87204F47A600671256 /* ArticleCell.swift */; };
		DB20FD8B204F47E900671256 /* Extensions.swift in Sources */ = {isa = PBXBuildFile; fileRef = DB20FD8A204F47E900671256 /* Extensions.swift */; };
		DB20FD8D204F481C00671256 /* TabBarController.swift in Sources */ = {isa = PBXBuildFile; fileRef = DB20FD8C204F481C00671256 /* TabBarController.swift */; };
		DB2B086F20607B5E0027B7D9 /* GoogleService-Info.plist in Resources */ = {isa = PBXBuildFile; fileRef = DB2B086E20607B5E0027B7D9 /* GoogleService-Info.plist */; };
		DB4C1FF120467DFD00CEFEFA /* AppDelegate.swift in Sources */ = {isa = PBXBuildFile; fileRef = DB4C1FF020467DFD00CEFEFA /* AppDelegate.swift */; };
		DB4C1FF820467DFD00CEFEFA /* Assets.xcassets in Resources */ = {isa = PBXBuildFile; fileRef = DB4C1FF720467DFD00CEFEFA /* Assets.xcassets */; };
		DB4C1FFB20467DFD00CEFEFA /* LaunchScreen.storyboard in Resources */ = {isa = PBXBuildFile; fileRef = DB4C1FF920467DFD00CEFEFA /* LaunchScreen.storyboard */; };
		DB4C200420467EE600CEFEFA /* FeedViewController.swift in Sources */ = {isa = PBXBuildFile; fileRef = DB4C200320467EE500CEFEFA /* FeedViewController.swift */; };
		DB4C200620467EFA00CEFEFA /* FavoritesViewController.swift in Sources */ = {isa = PBXBuildFile; fileRef = DB4C200520467EFA00CEFEFA /* FavoritesViewController.swift */; };
		DB4C200820467F0900CEFEFA /* TrendingViewController.swift in Sources */ = {isa = PBXBuildFile; fileRef = DB4C200720467F0900CEFEFA /* TrendingViewController.swift */; };
		DBBFEF11205ACC8800C802A9 /* Favorite.swift in Sources */ = {isa = PBXBuildFile; fileRef = DBBFEF10205ACC8800C802A9 /* Favorite.swift */; };
		DBBFEF13205AD1A200C802A9 /* FavoriteCell.swift in Sources */ = {isa = PBXBuildFile; fileRef = DBBFEF12205AD1A200C802A9 /* FavoriteCell.swift */; };
		DBBFEF15205AD2C100C802A9 /* BaseCell.swift in Sources */ = {isa = PBXBuildFile; fileRef = DBBFEF14205AD2C100C802A9 /* BaseCell.swift */; };
		DBC0892C205A17A5007132BA /* Tweet.swift in Sources */ = {isa = PBXBuildFile; fileRef = DBC0892B205A17A5007132BA /* Tweet.swift */; };
		DBE70687204F9DB60063C02B /* Article.swift in Sources */ = {isa = PBXBuildFile; fileRef = DBE70686204F9DB60063C02B /* Article.swift */; };
/* End PBXBuildFile section */

/* Begin PBXFileReference section */
		43424BEC62DA20CE861DEF57 /* Pods_Muse.framework */ = {isa = PBXFileReference; explicitFileType = wrapper.framework; includeInIndex = 0; path = Pods_Muse.framework; sourceTree = BUILT_PRODUCTS_DIR; };
		A2B16E95BC9DD82AA837D990 /* Pods-Muse.release.xcconfig */ = {isa = PBXFileReference; includeInIndex = 1; lastKnownFileType = text.xcconfig; name = "Pods-Muse.release.xcconfig"; path = "Pods/Target Support Files/Pods-Muse/Pods-Muse.release.xcconfig"; sourceTree = "<group>"; };
		DB20FD87204F47A600671256 /* ArticleCell.swift */ = {isa = PBXFileReference; lastKnownFileType = sourcecode.swift; path = ArticleCell.swift; sourceTree = "<group>"; };
		DB20FD8A204F47E900671256 /* Extensions.swift */ = {isa = PBXFileReference; lastKnownFileType = sourcecode.swift; path = Extensions.swift; sourceTree = "<group>"; };
		DB20FD8C204F481C00671256 /* TabBarController.swift */ = {isa = PBXFileReference; lastKnownFileType = sourcecode.swift; path = TabBarController.swift; sourceTree = "<group>"; };
		DB2B086E20607B5E0027B7D9 /* GoogleService-Info.plist */ = {isa = PBXFileReference; fileEncoding = 4; lastKnownFileType = text.plist.xml; path = "GoogleService-Info.plist"; sourceTree = "<group>"; };
		DB4C1FED20467DFD00CEFEFA /* Muse.app */ = {isa = PBXFileReference; explicitFileType = wrapper.application; includeInIndex = 0; path = Muse.app; sourceTree = BUILT_PRODUCTS_DIR; };
		DB4C1FF020467DFD00CEFEFA /* AppDelegate.swift */ = {isa = PBXFileReference; lastKnownFileType = sourcecode.swift; path = AppDelegate.swift; sourceTree = "<group>"; };
		DB4C1FF720467DFD00CEFEFA /* Assets.xcassets */ = {isa = PBXFileReference; lastKnownFileType = folder.assetcatalog; path = Assets.xcassets; sourceTree = "<group>"; };
		DB4C1FFA20467DFD00CEFEFA /* Base */ = {isa = PBXFileReference; lastKnownFileType = file.storyboard; name = Base; path = Base.lproj/LaunchScreen.storyboard; sourceTree = "<group>"; };
		DB4C1FFC20467DFD00CEFEFA /* Info.plist */ = {isa = PBXFileReference; lastKnownFileType = text.plist.xml; path = Info.plist; sourceTree = "<group>"; };
		DB4C200320467EE500CEFEFA /* FeedViewController.swift */ = {isa = PBXFileReference; lastKnownFileType = sourcecode.swift; path = FeedViewController.swift; sourceTree = "<group>"; };
		DB4C200520467EFA00CEFEFA /* FavoritesViewController.swift */ = {isa = PBXFileReference; lastKnownFileType = sourcecode.swift; path = FavoritesViewController.swift; sourceTree = "<group>"; };
		DB4C200720467F0900CEFEFA /* TrendingViewController.swift */ = {isa = PBXFileReference; lastKnownFileType = sourcecode.swift; path = TrendingViewController.swift; sourceTree = "<group>"; };
		DBBFEF10205ACC8800C802A9 /* Favorite.swift */ = {isa = PBXFileReference; lastKnownFileType = sourcecode.swift; path = Favorite.swift; sourceTree = "<group>"; };
		DBBFEF12205AD1A200C802A9 /* FavoriteCell.swift */ = {isa = PBXFileReference; lastKnownFileType = sourcecode.swift; path = FavoriteCell.swift; sourceTree = "<group>"; };
		DBBFEF14205AD2C100C802A9 /* BaseCell.swift */ = {isa = PBXFileReference; lastKnownFileType = sourcecode.swift; path = BaseCell.swift; sourceTree = "<group>"; };
		DBC0892B205A17A5007132BA /* Tweet.swift */ = {isa = PBXFileReference; lastKnownFileType = sourcecode.swift; path = Tweet.swift; sourceTree = "<group>"; };
		DBE70686204F9DB60063C02B /* Article.swift */ = {isa = PBXFileReference; lastKnownFileType = sourcecode.swift; path = Article.swift; sourceTree = "<group>"; };
		DF37D39072677791359EA0F6 /* Pods-Muse.debug.xcconfig */ = {isa = PBXFileReference; includeInIndex = 1; lastKnownFileType = text.xcconfig; name = "Pods-Muse.debug.xcconfig"; path = "Pods/Target Support Files/Pods-Muse/Pods-Muse.debug.xcconfig"; sourceTree = "<group>"; };
/* End PBXFileReference section */

/* Begin PBXFrameworksBuildPhase section */
		DB4C1FEA20467DFD00CEFEFA /* Frameworks */ = {
			isa = PBXFrameworksBuildPhase;
			buildActionMask = 2147483647;
			files = (
				3D96CCE87AA6048C80B60295 /* Pods_Muse.framework in Frameworks */,
			);
			runOnlyForDeploymentPostprocessing = 0;
		};
/* End PBXFrameworksBuildPhase section */

/* Begin PBXGroup section */
		35805C6C61913E5B2A20E6C8 /* Pods */ = {
			isa = PBXGroup;
			children = (
				DF37D39072677791359EA0F6 /* Pods-Muse.debug.xcconfig */,
				A2B16E95BC9DD82AA837D990 /* Pods-Muse.release.xcconfig */,
			);
			name = Pods;
			sourceTree = "<group>";
		};
		C3B74C49C73F9DE7A82B1FFB /* Frameworks */ = {
			isa = PBXGroup;
			children = (
				43424BEC62DA20CE861DEF57 /* Pods_Muse.framework */,
			);
			name = Frameworks;
			sourceTree = "<group>";
		};
		DB20FD86204F477900671256 /* View */ = {
			isa = PBXGroup;
			children = (
				DBBFEF14205AD2C100C802A9 /* BaseCell.swift */,
				DB20FD87204F47A600671256 /* ArticleCell.swift */,
				DBBFEF12205AD1A200C802A9 /* FavoriteCell.swift */,
			);
			path = View;
			sourceTree = "<group>";
		};
		DB20FD89204F47D600671256 /* Helpers */ = {
			isa = PBXGroup;
			children = (
				DB20FD8A204F47E900671256 /* Extensions.swift */,
			);
			path = Helpers;
			sourceTree = "<group>";
		};
		DB4C1FE420467DFD00CEFEFA = {
			isa = PBXGroup;
			children = (
				DB4C1FEF20467DFD00CEFEFA /* Muse */,
				DB4C1FEE20467DFD00CEFEFA /* Products */,
				35805C6C61913E5B2A20E6C8 /* Pods */,
				C3B74C49C73F9DE7A82B1FFB /* Frameworks */,
			);
			sourceTree = "<group>";
		};
		DB4C1FEE20467DFD00CEFEFA /* Products */ = {
			isa = PBXGroup;
			children = (
				DB4C1FED20467DFD00CEFEFA /* Muse.app */,
			);
			name = Products;
			sourceTree = "<group>";
		};
		DB4C1FEF20467DFD00CEFEFA /* Muse */ = {
			isa = PBXGroup;
			children = (
				DB4C1FF020467DFD00CEFEFA /* AppDelegate.swift */,
				DB20FD89204F47D600671256 /* Helpers */,
				DBE70685204F9D9E0063C02B /* Model */,
				DB20FD86204F477900671256 /* View */,
				DB4C200220467E3E00CEFEFA /* Controller */,
				DB4C1FF720467DFD00CEFEFA /* Assets.xcassets */,
				DB4C1FF920467DFD00CEFEFA /* LaunchScreen.storyboard */,
				DB4C1FFC20467DFD00CEFEFA /* Info.plist */,
				DB2B086E20607B5E0027B7D9 /* GoogleService-Info.plist */,
			);
			path = Muse;
			sourceTree = "<group>";
		};
		DB4C200220467E3E00CEFEFA /* Controller */ = {
			isa = PBXGroup;
			children = (
				DB20FD8C204F481C00671256 /* TabBarController.swift */,
				DB4C200320467EE500CEFEFA /* FeedViewController.swift */,
				DB4C200520467EFA00CEFEFA /* FavoritesViewController.swift */,
				DB4C200720467F0900CEFEFA /* TrendingViewController.swift */,
			);
			path = Controller;
			sourceTree = "<group>";
		};
		DBE70685204F9D9E0063C02B /* Model */ = {
			isa = PBXGroup;
			children = (
				DBE70686204F9DB60063C02B /* Article.swift */,
				DBC0892B205A17A5007132BA /* Tweet.swift */,
				DBBFEF10205ACC8800C802A9 /* Favorite.swift */,
			);
			path = Model;
			sourceTree = "<group>";
		};
/* End PBXGroup section */

/* Begin PBXNativeTarget section */
		DB4C1FEC20467DFD00CEFEFA /* Muse */ = {
			isa = PBXNativeTarget;
			buildConfigurationList = DB4C1FFF20467DFD00CEFEFA /* Build configuration list for PBXNativeTarget "Muse" */;
			buildPhases = (
				CBF65067A42BE433FCBDD7EF /* [CP] Check Pods Manifest.lock */,
				DB4C1FE920467DFD00CEFEFA /* Sources */,
				DB4C1FEA20467DFD00CEFEFA /* Frameworks */,
				DB4C1FEB20467DFD00CEFEFA /* Resources */,
				13577521285B90B4D7B0330C /* [CP] Embed Pods Frameworks */,
				C3538333A687AC14F84CCC13 /* [CP] Copy Pods Resources */,
			);
			buildRules = (
			);
			dependencies = (
			);
			name = Muse;
			productName = Muse;
			productReference = DB4C1FED20467DFD00CEFEFA /* Muse.app */;
			productType = "com.apple.product-type.application";
		};
/* End PBXNativeTarget section */

/* Begin PBXProject section */
		DB4C1FE520467DFD00CEFEFA /* Project object */ = {
			isa = PBXProject;
			attributes = {
				LastSwiftUpdateCheck = 0920;
				LastUpgradeCheck = 0920;
				ORGANIZATIONNAME = "Connor Svrcek";
				TargetAttributes = {
					DB4C1FEC20467DFD00CEFEFA = {
						CreatedOnToolsVersion = 9.2;
						ProvisioningStyle = Automatic;
					};
				};
			};
			buildConfigurationList = DB4C1FE820467DFD00CEFEFA /* Build configuration list for PBXProject "Muse" */;
			compatibilityVersion = "Xcode 8.0";
			developmentRegion = en;
			hasScannedForEncodings = 0;
			knownRegions = (
				en,
				Base,
			);
			mainGroup = DB4C1FE420467DFD00CEFEFA;
			productRefGroup = DB4C1FEE20467DFD00CEFEFA /* Products */;
			projectDirPath = "";
			projectRoot = "";
			targets = (
				DB4C1FEC20467DFD00CEFEFA /* Muse */,
			);
		};
/* End PBXProject section */

/* Begin PBXResourcesBuildPhase section */
		DB4C1FEB20467DFD00CEFEFA /* Resources */ = {
			isa = PBXResourcesBuildPhase;
			buildActionMask = 2147483647;
			files = (
				DB4C1FFB20467DFD00CEFEFA /* LaunchScreen.storyboard in Resources */,
				DB4C1FF820467DFD00CEFEFA /* Assets.xcassets in Resources */,
				DB2B086F20607B5E0027B7D9 /* GoogleService-Info.plist in Resources */,
			);
			runOnlyForDeploymentPostprocessing = 0;
		};
/* End PBXResourcesBuildPhase section */

/* Begin PBXShellScriptBuildPhase section */
		13577521285B90B4D7B0330C /* [CP] Embed Pods Frameworks */ = {
			isa = PBXShellScriptBuildPhase;
			buildActionMask = 2147483647;
			files = (
			);
			inputPaths = (
				"${SRCROOT}/Pods/Target Support Files/Pods-Muse/Pods-Muse-frameworks.sh",
				"${BUILT_PRODUCTS_DIR}/GoogleToolboxForMac/GoogleToolboxForMac.framework",
				"${BUILT_PRODUCTS_DIR}/SnapKit/SnapKit.framework",
				"${PODS_ROOT}/TwitterCore/iOS/TwitterCore.framework",
				"${PODS_ROOT}/TwitterKit/iOS/TwitterKit.framework",
				"${BUILT_PRODUCTS_DIR}/nanopb/nanopb.framework",
			);
			name = "[CP] Embed Pods Frameworks";
			outputPaths = (
				"${TARGET_BUILD_DIR}/${FRAMEWORKS_FOLDER_PATH}/GoogleToolboxForMac.framework",
				"${TARGET_BUILD_DIR}/${FRAMEWORKS_FOLDER_PATH}/SnapKit.framework",
				"${TARGET_BUILD_DIR}/${FRAMEWORKS_FOLDER_PATH}/TwitterCore.framework",
				"${TARGET_BUILD_DIR}/${FRAMEWORKS_FOLDER_PATH}/TwitterKit.framework",
				"${TARGET_BUILD_DIR}/${FRAMEWORKS_FOLDER_PATH}/nanopb.framework",
			);
			runOnlyForDeploymentPostprocessing = 0;
			shellPath = /bin/sh;
			shellScript = "\"${SRCROOT}/Pods/Target Support Files/Pods-Muse/Pods-Muse-frameworks.sh\"\n";
			showEnvVarsInLog = 0;
		};
		C3538333A687AC14F84CCC13 /* [CP] Copy Pods Resources */ = {
			isa = PBXShellScriptBuildPhase;
			buildActionMask = 2147483647;
			files = (
			);
			inputPaths = (
				"${SRCROOT}/Pods/Target Support Files/Pods-Muse/Pods-Muse-resources.sh",
				"${PODS_ROOT}/TwitterKit/iOS/TwitterKit.framework/TwitterKitResources.bundle",
				"${PODS_ROOT}/TwitterKit/iOS/TwitterKit.framework/TwitterShareExtensionUIResources.bundle",
			);
			name = "[CP] Copy Pods Resources";
			outputPaths = (
				"${TARGET_BUILD_DIR}/${UNLOCALIZED_RESOURCES_FOLDER_PATH}/TwitterKitResources.bundle",
				"${TARGET_BUILD_DIR}/${UNLOCALIZED_RESOURCES_FOLDER_PATH}/TwitterShareExtensionUIResources.bundle",
			);
			runOnlyForDeploymentPostprocessing = 0;
			shellPath = /bin/sh;
			shellScript = "\"${SRCROOT}/Pods/Target Support Files/Pods-Muse/Pods-Muse-resources.sh\"\n";
			showEnvVarsInLog = 0;
		};
		CBF65067A42BE433FCBDD7EF /* [CP] Check Pods Manifest.lock */ = {
			isa = PBXShellScriptBuildPhase;
			buildActionMask = 2147483647;
			files = (
			);
			inputPaths = (
				"${PODS_PODFILE_DIR_PATH}/Podfile.lock",
				"${PODS_ROOT}/Manifest.lock",
			);
			name = "[CP] Check Pods Manifest.lock";
			outputPaths = (
				"$(DERIVED_FILE_DIR)/Pods-Muse-checkManifestLockResult.txt",
			);
			runOnlyForDeploymentPostprocessing = 0;
			shellPath = /bin/sh;
			shellScript = "diff \"${PODS_PODFILE_DIR_PATH}/Podfile.lock\" \"${PODS_ROOT}/Manifest.lock\" > /dev/null\nif [ $? != 0 ] ; then\n    # print error to STDERR\n    echo \"error: The sandbox is not in sync with the Podfile.lock. Run 'pod install' or update your CocoaPods installation.\" >&2\n    exit 1\nfi\n# This output is used by Xcode 'outputs' to avoid re-running this script phase.\necho \"SUCCESS\" > \"${SCRIPT_OUTPUT_FILE_0}\"\n";
			showEnvVarsInLog = 0;
		};
/* End PBXShellScriptBuildPhase section */

/* Begin PBXSourcesBuildPhase section */
		DB4C1FE920467DFD00CEFEFA /* Sources */ = {
			isa = PBXSourcesBuildPhase;
			buildActionMask = 2147483647;
			files = (
				DB4C200420467EE600CEFEFA /* FeedViewController.swift in Sources */,
				DB20FD8B204F47E900671256 /* Extensions.swift in Sources */,
				DB4C200820467F0900CEFEFA /* TrendingViewController.swift in Sources */,
				DBC0892C205A17A5007132BA /* Tweet.swift in Sources */,
				DBBFEF15205AD2C100C802A9 /* BaseCell.swift in Sources */,
				DB4C200620467EFA00CEFEFA /* FavoritesViewController.swift in Sources */,
				DBBFEF13205AD1A200C802A9 /* FavoriteCell.swift in Sources */,
				DBBFEF11205ACC8800C802A9 /* Favorite.swift in Sources */,
				DBE70687204F9DB60063C02B /* Article.swift in Sources */,
				DB20FD8D204F481C00671256 /* TabBarController.swift in Sources */,
				DB20FD88204F47A600671256 /* ArticleCell.swift in Sources */,
				DB4C1FF120467DFD00CEFEFA /* AppDelegate.swift in Sources */,
			);
			runOnlyForDeploymentPostprocessing = 0;
		};
/* End PBXSourcesBuildPhase section */

/* Begin PBXVariantGroup section */
		DB4C1FF920467DFD00CEFEFA /* LaunchScreen.storyboard */ = {
			isa = PBXVariantGroup;
			children = (
				DB4C1FFA20467DFD00CEFEFA /* Base */,
			);
			name = LaunchScreen.storyboard;
			sourceTree = "<group>";
		};
/* End PBXVariantGroup section */

/* Begin XCBuildConfiguration section */
		DB4C1FFD20467DFD00CEFEFA /* Debug */ = {
			isa = XCBuildConfiguration;
			buildSettings = {
				ALWAYS_SEARCH_USER_PATHS = NO;
				CLANG_ANALYZER_NONNULL = YES;
				CLANG_ANALYZER_NUMBER_OBJECT_CONVERSION = YES_AGGRESSIVE;
				CLANG_CXX_LANGUAGE_STANDARD = "gnu++14";
				CLANG_CXX_LIBRARY = "libc++";
				CLANG_ENABLE_MODULES = YES;
				CLANG_ENABLE_OBJC_ARC = YES;
				CLANG_WARN_BLOCK_CAPTURE_AUTORELEASING = YES;
				CLANG_WARN_BOOL_CONVERSION = YES;
				CLANG_WARN_COMMA = YES;
				CLANG_WARN_CONSTANT_CONVERSION = YES;
				CLANG_WARN_DIRECT_OBJC_ISA_USAGE = YES_ERROR;
				CLANG_WARN_DOCUMENTATION_COMMENTS = YES;
				CLANG_WARN_EMPTY_BODY = YES;
				CLANG_WARN_ENUM_CONVERSION = YES;
				CLANG_WARN_INFINITE_RECURSION = YES;
				CLANG_WARN_INT_CONVERSION = YES;
				CLANG_WARN_NON_LITERAL_NULL_CONVERSION = YES;
				CLANG_WARN_OBJC_LITERAL_CONVERSION = YES;
				CLANG_WARN_OBJC_ROOT_CLASS = YES_ERROR;
				CLANG_WARN_RANGE_LOOP_ANALYSIS = YES;
				CLANG_WARN_STRICT_PROTOTYPES = YES;
				CLANG_WARN_SUSPICIOUS_MOVE = YES;
				CLANG_WARN_UNGUARDED_AVAILABILITY = YES_AGGRESSIVE;
				CLANG_WARN_UNREACHABLE_CODE = YES;
				CLANG_WARN__DUPLICATE_METHOD_MATCH = YES;
				CODE_SIGN_IDENTITY = "iPhone Developer";
				COPY_PHASE_STRIP = NO;
				DEBUG_INFORMATION_FORMAT = dwarf;
				ENABLE_STRICT_OBJC_MSGSEND = YES;
				ENABLE_TESTABILITY = YES;
				GCC_C_LANGUAGE_STANDARD = gnu11;
				GCC_DYNAMIC_NO_PIC = NO;
				GCC_NO_COMMON_BLOCKS = YES;
				GCC_OPTIMIZATION_LEVEL = 0;
				GCC_PREPROCESSOR_DEFINITIONS = (
					"DEBUG=1",
					"$(inherited)",
				);
				GCC_WARN_64_TO_32_BIT_CONVERSION = YES;
				GCC_WARN_ABOUT_RETURN_TYPE = YES_ERROR;
				GCC_WARN_UNDECLARED_SELECTOR = YES;
				GCC_WARN_UNINITIALIZED_AUTOS = YES_AGGRESSIVE;
				GCC_WARN_UNUSED_FUNCTION = YES;
				GCC_WARN_UNUSED_VARIABLE = YES;
				IPHONEOS_DEPLOYMENT_TARGET = 11.2;
				MTL_ENABLE_DEBUG_INFO = YES;
				ONLY_ACTIVE_ARCH = YES;
				SDKROOT = iphoneos;
				SWIFT_ACTIVE_COMPILATION_CONDITIONS = DEBUG;
				SWIFT_OPTIMIZATION_LEVEL = "-Onone";
			};
			name = Debug;
		};
		DB4C1FFE20467DFD00CEFEFA /* Release */ = {
			isa = XCBuildConfiguration;
			buildSettings = {
				ALWAYS_SEARCH_USER_PATHS = NO;
				CLANG_ANALYZER_NONNULL = YES;
				CLANG_ANALYZER_NUMBER_OBJECT_CONVERSION = YES_AGGRESSIVE;
				CLANG_CXX_LANGUAGE_STANDARD = "gnu++14";
				CLANG_CXX_LIBRARY = "libc++";
				CLANG_ENABLE_MODULES = YES;
				CLANG_ENABLE_OBJC_ARC = YES;
				CLANG_WARN_BLOCK_CAPTURE_AUTORELEASING = YES;
				CLANG_WARN_BOOL_CONVERSION = YES;
				CLANG_WARN_COMMA = YES;
				CLANG_WARN_CONSTANT_CONVERSION = YES;
				CLANG_WARN_DIRECT_OBJC_ISA_USAGE = YES_ERROR;
				CLANG_WARN_DOCUMENTATION_COMMENTS = YES;
				CLANG_WARN_EMPTY_BODY = YES;
				CLANG_WARN_ENUM_CONVERSION = YES;
				CLANG_WARN_INFINITE_RECURSION = YES;
				CLANG_WARN_INT_CONVERSION = YES;
				CLANG_WARN_NON_LITERAL_NULL_CONVERSION = YES;
				CLANG_WARN_OBJC_LITERAL_CONVERSION = YES;
				CLANG_WARN_OBJC_ROOT_CLASS = YES_ERROR;
				CLANG_WARN_RANGE_LOOP_ANALYSIS = YES;
				CLANG_WARN_STRICT_PROTOTYPES = YES;
				CLANG_WARN_SUSPICIOUS_MOVE = YES;
				CLANG_WARN_UNGUARDED_AVAILABILITY = YES_AGGRESSIVE;
				CLANG_WARN_UNREACHABLE_CODE = YES;
				CLANG_WARN__DUPLICATE_METHOD_MATCH = YES;
				CODE_SIGN_IDENTITY = "iPhone Developer";
				COPY_PHASE_STRIP = NO;
				DEBUG_INFORMATION_FORMAT = "dwarf-with-dsym";
				ENABLE_NS_ASSERTIONS = NO;
				ENABLE_STRICT_OBJC_MSGSEND = YES;
				GCC_C_LANGUAGE_STANDARD = gnu11;
				GCC_NO_COMMON_BLOCKS = YES;
				GCC_WARN_64_TO_32_BIT_CONVERSION = YES;
				GCC_WARN_ABOUT_RETURN_TYPE = YES_ERROR;
				GCC_WARN_UNDECLARED_SELECTOR = YES;
				GCC_WARN_UNINITIALIZED_AUTOS = YES_AGGRESSIVE;
				GCC_WARN_UNUSED_FUNCTION = YES;
				GCC_WARN_UNUSED_VARIABLE = YES;
				IPHONEOS_DEPLOYMENT_TARGET = 11.2;
				MTL_ENABLE_DEBUG_INFO = NO;
				SDKROOT = iphoneos;
				SWIFT_OPTIMIZATION_LEVEL = "-Owholemodule";
				VALIDATE_PRODUCT = YES;
			};
			name = Release;
		};
		DB4C200020467DFD00CEFEFA /* Debug */ = {
			isa = XCBuildConfiguration;
			baseConfigurationReference = DF37D39072677791359EA0F6 /* Pods-Muse.debug.xcconfig */;
			buildSettings = {
				ASSETCATALOG_COMPILER_APPICON_NAME = AppIcon;
				CODE_SIGN_STYLE = Automatic;
				DEVELOPMENT_TEAM = 9F774JFK34;
				INFOPLIST_FILE = Muse/Info.plist;
				LD_RUNPATH_SEARCH_PATHS = "$(inherited) @executable_path/Frameworks";
				PRODUCT_BUNDLE_IDENTIFIER = com.connorsvrcek.Muse;
				PRODUCT_NAME = "$(TARGET_NAME)";
				SWIFT_VERSION = 4.0;
				TARGETED_DEVICE_FAMILY = "1,2";
			};
			name = Debug;
		};
		DB4C200120467DFD00CEFEFA /* Release */ = {
			isa = XCBuildConfiguration;
			baseConfigurationReference = A2B16E95BC9DD82AA837D990 /* Pods-Muse.release.xcconfig */;
			buildSettings = {
				ASSETCATALOG_COMPILER_APPICON_NAME = AppIcon;
				CODE_SIGN_STYLE = Automatic;
				DEVELOPMENT_TEAM = 9F774JFK34;
				INFOPLIST_FILE = Muse/Info.plist;
				LD_RUNPATH_SEARCH_PATHS = "$(inherited) @executable_path/Frameworks";
				PRODUCT_BUNDLE_IDENTIFIER = com.connorsvrcek.Muse;
				PRODUCT_NAME = "$(TARGET_NAME)";
				SWIFT_VERSION = 4.0;
				TARGETED_DEVICE_FAMILY = "1,2";
			};
			name = Release;
		};
/* End XCBuildConfiguration section */

/* Begin XCConfigurationList section */
		DB4C1FE820467DFD00CEFEFA /* Build configuration list for PBXProject "Muse" */ = {
			isa = XCConfigurationList;
			buildConfigurations = (
				DB4C1FFD20467DFD00CEFEFA /* Debug */,
				DB4C1FFE20467DFD00CEFEFA /* Release */,
			);
			defaultConfigurationIsVisible = 0;
			defaultConfigurationName = Release;
		};
		DB4C1FFF20467DFD00CEFEFA /* Build configuration list for PBXNativeTarget "Muse" */ = {
			isa = XCConfigurationList;
			buildConfigurations = (
				DB4C200020467DFD00CEFEFA /* Debug */,
				DB4C200120467DFD00CEFEFA /* Release */,
			);
			defaultConfigurationIsVisible = 0;
			defaultConfigurationName = Release;
		};
/* End XCConfigurationList section */
	};
	rootObject = DB4C1FE520467DFD00CEFEFA /* Project object */;
}
